<?xml version="1.0" encoding="utf-8"?>
<Project ToolsVersion="16.0" xmlns="http://schemas.microsoft.com/developer/msbuild/2003">
  <ItemGroup>
    <ClCompile Include="C:\Users\Janith\Documents\jWare Automation\Oren\libiec61850-1.5.1\hal\socket\win32\socket_win32.c">
      <Filter>Source Files</Filter>
    </ClCompile>
    <ClCompile Include="C:\Users\Janith\Documents\jWare Automation\Oren\libiec61850-1.5.1\hal\thread\win32\thread_win32.c">
      <Filter>Source Files</Filter>
    </ClCompile>
    <ClCompile Include="C:\Users\Janith\Documents\jWare Automation\Oren\libiec61850-1.5.1\hal\filesystem\win32\file_provider_win32.c">
      <Filter>Source Files</Filter>
    </ClCompile>
    <ClCompile Include="C:\Users\Janith\Documents\jWare Automation\Oren\libiec61850-1.5.1\hal\time\win32\time.c">
      <Filter>Source Files</Filter>
    </ClCompile>
    <ClCompile Include="C:\Users\Janith\Documents\jWare Automation\Oren\libiec61850-1.5.1\hal\serial\win32\serial_port_win32.c">
      <Filter>Source Files</Filter>
    </ClCompile>
    <ClCompile Include="C:\Users\Janith\Documents\jWare Automation\Oren\libiec61850-1.5.1\hal\memory\lib_memory.c">
      <Filter>Source Files</Filter>
    </ClCompile>
    <ClCompile Include="C:\Users\Janith\Documents\jWare Automation\Oren\libiec61850-1.5.1\hal\ethernet\win32\ethernet_win32.c">
      <Filter>Source Files</Filter>
    </ClCompile>
  </ItemGroup>
  <ItemGroup>
    <CustomBuild Include="C:\Users\Janith\Documents\jWare Automation\Oren\libiec61850-1.5.1\hal\CMakeLists.txt" />
  </ItemGroup>
  <ItemGroup>
    <Filter Include="Source Files">
      <UniqueIdentifier>{3E82EE5F-0BE0-3F0B-9D66-16B8567A0EB5}</UniqueIdentifier>
    </Filter>
  </ItemGroup>
</Project>
