<?xml version="1.0" encoding="utf-8"?>
<Project ToolsVersion="16.0" xmlns="http://schemas.microsoft.com/developer/msbuild/2003">
  <ItemGroup>
    <ClCompile Include="C:\Users\Janith\Documents\jWare Automation\Oren\libiec61850-1.5.1\examples\server_ied4\server_ied4.c">
      <Filter>Source Files</Filter>
    </ClCompile>
    <ClCompile Include="C:\Users\Janith\Documents\jWare Automation\Oren\libiec61850-1.5.1\examples\server_ied4\static_model.c">
      <Filter>Source Files</Filter>
    </ClCompile>
  </ItemGroup>
  <ItemGroup>
    <CustomBuild Include="C:\Users\Janith\Documents\jWare Automation\Oren\libiec61850-1.5.1\examples\server_ied4\CMakeLists.txt" />
  </ItemGroup>
  <ItemGroup>
    <Filter Include="Source Files">
      <UniqueIdentifier>{3E82EE5F-0BE0-3F0B-9D66-16B8567A0EB5}</UniqueIdentifier>
    </Filter>
  </ItemGroup>
</Project>
